
Microsoft Visual Studio Solution File, Format Version 12.00
# Visual Studio Version 16
VisualStudioVersion = 16.0.30907.101
MinimumVisualStudioVersion = 10.0.40219.1
Project("{FAE04EC0-301F-11D3-BF4B-00C04F79EFBC}") = "WindowsFormsApp1", "WindowsFormsApp1\WindowsFormsApp1.csproj", "{89647139-EFD2-4837-902D-92C3DF6211A5}"
EndProject
Global
	GlobalSection(SolutionConfigurationPlatforms) = preSolution
		Debug|Any CPU = Debug|Any CPU
		Release|Any CPU = Release|Any CPU
	EndGlobalSection
	GlobalSection(ProjectConfigurationPlatforms) = postSolution
		{89647139-EFD2-4837-902D-92C3DF6211A5}.Debug|Any CPU.ActiveCfg = Debug|Any CPU
		{89647139-EFD2-4837-902D-92C3DF6211A5}.Debug|Any CPU.Build.0 = Debug|Any CPU
		{89647139-EFD2-4837-902D-92C3DF6211A5}.Release|Any CPU.ActiveCfg = Release|Any CPU
		{89647139-EFD2-4837-902D-92C3DF6211A5}.Release|Any CPU.Build.0 = Release|Any CPU
	EndGlobalSection
	GlobalSection(SolutionProperties) = preSolution
		HideSolutionNode = FALSE
	EndGlobalSection
	GlobalSection(ExtensibilityGlobals) = postSolution
		SolutionGuid = {50F6BB25-6681-4FB4-99F7-0EE29D47B807}
	EndGlobalSection
EndGlobal
